# This file was autogenerated by Stack.
# You should not edit this file by hand.
# For more information, please see the documentation at:
#   https://docs.haskellstack.org/en/stable/lock_files

packages:
- completed:
    cabal-file:
      size: 4131
      sha256: c43c2d20c1ddb44f5ac09709ecb9dafb6795d182d1adce8b412bf94e960f4fb6
    name: net-mqtt
    version: 0.7.0.0
    git: https://github.com/dustin/mqtt-hs.git
    pantry-tree:
      size: 923
      sha256: ab78eadf3c814ff101a767c608a3d71483f956b237ac43551c6689dffd97226f
    commit: c193cfa50112100cbc65330238eebee21527c891
  original:
    git: https://github.com/dustin/mqtt-hs.git
    commit: c193cfa50112100cbc65330238eebee21527c891
snapshots:
- completed:
    size: 494638
    url: https://raw.githubusercontent.com/commercialhaskell/stackage-snapshots/master/lts/15/11.yaml
    sha256: 5747328cdcbb8fe9c96fc048b5566167c80dd176a41b52d3b363058e3cc1dc5d
  original: lts-15.11
