# This file was autogenerated by Stack.
# You should not edit this file by hand.
# For more information, please see the documentation at:
#   https://docs.haskellstack.org/en/stable/lock_files

packages:
- completed:
    cabal-file:
      size: 4131
      sha256: c43c2d20c1ddb44f5ac09709ecb9dafb6795d182d1adce8b412bf94e960f4fb6
    name: net-mqtt
    version: 0.7.0.0
    git: https://github.com/dustin/mqtt-hs.git
    pantry-tree:
      size: 923
      sha256: 206f60f83e88ba2e5ad84362e019c08f9964dba9a2e215c36fcc107e4ad4a4c2
    commit: 9e02744795f5b1983eef12a6a27cbc5fedd93146
  original:
    git: https://github.com/dustin/mqtt-hs.git
    commit: 9e02744795f5b1983eef12a6a27cbc5fedd93146
snapshots:
- completed:
    size: 493124
    url: https://raw.githubusercontent.com/commercialhaskell/stackage-snapshots/master/lts/15/10.yaml
    sha256: 48bc6d1d59224a5166265ef6cdda6a512f29ecc8ef7331826312b82377e89507
  original: lts-15.10
